// !$*UTF8*$!
{
	archiveVersion = 1;
	classes = {
	};
	objectVersion = 46;
	objects = {

/* Begin PBXBuildFile section */
		C11867C31E4B6D1E00E6BB43 /* CLLocationCoordinate2D+extension.swift in Sources */ = {isa = PBXBuildFile; fileRef = C11867C21E4B6D1E00E6BB43 /* CLLocationCoordinate2D+extension.swift */; };
		C11867C51E4BC08A00E6BB43 /* Collection+extension.swift in Sources */ = {isa = PBXBuildFile; fileRef = C11867C41E4BC08A00E6BB43 /* Collection+extension.swift */; };
		C11867C71E4BD04600E6BB43 /* Route.swift in Sources */ = {isa = PBXBuildFile; fileRef = C11867C61E4BD04600E6BB43 /* Route.swift */; };
		C11867C91E4BD18E00E6BB43 /* WaypointManager.swift in Sources */ = {isa = PBXBuildFile; fileRef = C11867C81E4BD18E00E6BB43 /* WaypointManager.swift */; };
		C11867CB1E4BE24C00E6BB43 /* WorkQueue.swift in Sources */ = {isa = PBXBuildFile; fileRef = C11867CA1E4BE24C00E6BB43 /* WorkQueue.swift */; };
		C11867CD1E4BF7D500E6BB43 /* MKError+extension.swift in Sources */ = {isa = PBXBuildFile; fileRef = C11867CC1E4BF7D500E6BB43 /* MKError+extension.swift */; };
		C11867CF1E4C012600E6BB43 /* WeightedGraph.swift in Sources */ = {isa = PBXBuildFile; fileRef = C11867CE1E4C012600E6BB43 /* WeightedGraph.swift */; };
		C1397A601E4923B200906AB2 /* AppDelegate.swift in Sources */ = {isa = PBXBuildFile; fileRef = C1397A5F1E4923B200906AB2 /* AppDelegate.swift */; };
		C1397A641E4923B200906AB2 /* Assets.xcassets in Resources */ = {isa = PBXBuildFile; fileRef = C1397A631E4923B200906AB2 /* Assets.xcassets */; };
		C1397A671E4923B200906AB2 /* Main.storyboard in Resources */ = {isa = PBXBuildFile; fileRef = C1397A651E4923B200906AB2 /* Main.storyboard */; };
		C1397A721E4923B200906AB2 /* WeightedGraphTests.swift in Sources */ = {isa = PBXBuildFile; fileRef = C1397A711E4923B200906AB2 /* WeightedGraphTests.swift */; };
		C1397A7D1E4923B200906AB2 /* traveling_salesman_problemUITests.swift in Sources */ = {isa = PBXBuildFile; fileRef = C1397A7C1E4923B200906AB2 /* traveling_salesman_problemUITests.swift */; };
		C1397A8C1E4A0CA600906AB2 /* Waypoint.swift in Sources */ = {isa = PBXBuildFile; fileRef = C1397A8B1E4A0CA600906AB2 /* Waypoint.swift */; };
		C15ED6F51E5265D30016F07E /* RouteSummaryController.swift in Sources */ = {isa = PBXBuildFile; fileRef = C15ED6F41E5265D30016F07E /* RouteSummaryController.swift */; };
		C15ED6FB1E52680D0016F07E /* RouteSummary.swift in Sources */ = {isa = PBXBuildFile; fileRef = C15ED6FA1E52680D0016F07E /* RouteSummary.swift */; };
		C15ED6FD1E5272950016F07E /* RouteStep.swift in Sources */ = {isa = PBXBuildFile; fileRef = C15ED6FC1E5272950016F07E /* RouteStep.swift */; };
		C15ED6FF1E529D310016F07E /* RouteStepCellView.swift in Sources */ = {isa = PBXBuildFile; fileRef = C15ED6FE1E529D310016F07E /* RouteStepCellView.swift */; };
		C18ADB641E4D0C1F00963090 /* WeightedGraph+shortestPath.swift in Sources */ = {isa = PBXBuildFile; fileRef = C18ADB631E4D0C1F00963090 /* WeightedGraph+shortestPath.swift */; };
		C18ADB661E4D0D3100963090 /* WeightedEdge.swift in Sources */ = {isa = PBXBuildFile; fileRef = C18ADB651E4D0D3100963090 /* WeightedEdge.swift */; };
		C18ADB681E4D0D5B00963090 /* Vertex.swift in Sources */ = {isa = PBXBuildFile; fileRef = C18ADB671E4D0D5B00963090 /* Vertex.swift */; };
		C18ADB6C1E4D1DB000963090 /* WindowController.swift in Sources */ = {isa = PBXBuildFile; fileRef = C18ADB6B1E4D1DB000963090 /* WindowController.swift */; };
		C1B7D14C1E51E4C600DBA522 /* MKMapView+extension.swift in Sources */ = {isa = PBXBuildFile; fileRef = C1B7D14B1E51E4C600DBA522 /* MKMapView+extension.swift */; };
		C1BE4CCA1E5702A80070D1B5 /* WeightedGraph+nearestNeighborPath.swift in Sources */ = {isa = PBXBuildFile; fileRef = C1BE4CC91E5702A80070D1B5 /* WeightedGraph+nearestNeighborPath.swift */; };
		C1BE4CCC1E5718000070D1B5 /* PathAlgorithm.swift in Sources */ = {isa = PBXBuildFile; fileRef = C1BE4CCB1E5718000070D1B5 /* PathAlgorithm.swift */; };
		C1BE4CCE1E5719660070D1B5 /* RouteCalculationOption.swift in Sources */ = {isa = PBXBuildFile; fileRef = C1BE4CCD1E5719660070D1B5 /* RouteCalculationOption.swift */; };
		C1CCE08B1E57216D002F635E /* RouteController.swift in Sources */ = {isa = PBXBuildFile; fileRef = C1397A611E4923B200906AB2 /* RouteController.swift */; };
		C1CCE08D1E57348C002F635E /* WaypointCellView.swift in Sources */ = {isa = PBXBuildFile; fileRef = C1CCE08C1E57348C002F635E /* WaypointCellView.swift */; };
		C1CCE08F1E57388F002F635E /* Optional+extension.swift in Sources */ = {isa = PBXBuildFile; fileRef = C1CCE08E1E57388F002F635E /* Optional+extension.swift */; };
		C1F854771E5B95070069E9A6 /* WaypointManagerState.swift in Sources */ = {isa = PBXBuildFile; fileRef = C1F854761E5B95070069E9A6 /* WaypointManagerState.swift */; };
		C1F854791E5B95310069E9A6 /* RouteCalculationState.swift in Sources */ = {isa = PBXBuildFile; fileRef = C1F854781E5B95310069E9A6 /* RouteCalculationState.swift */; };
/* End PBXBuildFile section */

/* Begin PBXContainerItemProxy section */
		C1397A6E1E4923B200906AB2 /* PBXContainerItemProxy */ = {
			isa = PBXContainerItemProxy;
			containerPortal = C1397A541E4923B200906AB2 /* Project object */;
			proxyType = 1;
			remoteGlobalIDString = C1397A5B1E4923B200906AB2;
			remoteInfo = "traveling-salesman-problem";
		};
		C1397A791E4923B200906AB2 /* PBXContainerItemProxy */ = {
			isa = PBXContainerItemProxy;
			containerPortal = C1397A541E4923B200906AB2 /* Project object */;
			proxyType = 1;
			remoteGlobalIDString = C1397A5B1E4923B200906AB2;
			remoteInfo = "traveling-salesman-problem";
		};
/* End PBXContainerItemProxy section */

/* Begin PBXFileReference section */
		C11867C21E4B6D1E00E6BB43 /* CLLocationCoordinate2D+extension.swift */ = {isa = PBXFileReference; fileEncoding = 4; lastKnownFileType = sourcecode.swift; name = "CLLocationCoordinate2D+extension.swift"; path = "Extensions/CLLocationCoordinate2D+extension.swift"; sourceTree = SOURCE_ROOT; };
		C11867C41E4BC08A00E6BB43 /* Collection+extension.swift */ = {isa = PBXFileReference; fileEncoding = 4; lastKnownFileType = sourcecode.swift; path = "Collection+extension.swift"; sourceTree = "<group>"; };
		C11867C61E4BD04600E6BB43 /* Route.swift */ = {isa = PBXFileReference; fileEncoding = 4; lastKnownFileType = sourcecode.swift; path = Route.swift; sourceTree = "<group>"; };
		C11867C81E4BD18E00E6BB43 /* WaypointManager.swift */ = {isa = PBXFileReference; fileEncoding = 4; lastKnownFileType = sourcecode.swift; path = WaypointManager.swift; sourceTree = "<group>"; };
		C11867CA1E4BE24C00E6BB43 /* WorkQueue.swift */ = {isa = PBXFileReference; fileEncoding = 4; lastKnownFileType = sourcecode.swift; path = WorkQueue.swift; sourceTree = "<group>"; };
		C11867CC1E4BF7D500E6BB43 /* MKError+extension.swift */ = {isa = PBXFileReference; fileEncoding = 4; lastKnownFileType = sourcecode.swift; name = "MKError+extension.swift"; path = "Extensions/MKError+extension.swift"; sourceTree = SOURCE_ROOT; };
		C11867CE1E4C012600E6BB43 /* WeightedGraph.swift */ = {isa = PBXFileReference; fileEncoding = 4; lastKnownFileType = sourcecode.swift; name = WeightedGraph.swift; path = model/WeightedGraph.swift; sourceTree = SOURCE_ROOT; };
		C1397A5C1E4923B200906AB2 /* traveling-salesman-problem.app */ = {isa = PBXFileReference; explicitFileType = wrapper.application; includeInIndex = 0; path = "traveling-salesman-problem.app"; sourceTree = BUILT_PRODUCTS_DIR; };
		C1397A5F1E4923B200906AB2 /* AppDelegate.swift */ = {isa = PBXFileReference; lastKnownFileType = sourcecode.swift; path = AppDelegate.swift; sourceTree = "<group>"; };
		C1397A611E4923B200906AB2 /* RouteController.swift */ = {isa = PBXFileReference; lastKnownFileType = sourcecode.swift; path = RouteController.swift; sourceTree = "<group>"; };
		C1397A631E4923B200906AB2 /* Assets.xcassets */ = {isa = PBXFileReference; lastKnownFileType = folder.assetcatalog; path = Assets.xcassets; sourceTree = "<group>"; };
		C1397A661E4923B200906AB2 /* Base */ = {isa = PBXFileReference; lastKnownFileType = file.storyboard; name = Base; path = Base.lproj/Main.storyboard; sourceTree = "<group>"; };
		C1397A681E4923B200906AB2 /* Info.plist */ = {isa = PBXFileReference; lastKnownFileType = text.plist.xml; path = Info.plist; sourceTree = "<group>"; };
		C1397A6D1E4923B200906AB2 /* traveling-salesman-problemTests.xctest */ = {isa = PBXFileReference; explicitFileType = wrapper.cfbundle; includeInIndex = 0; path = "traveling-salesman-problemTests.xctest"; sourceTree = BUILT_PRODUCTS_DIR; };
		C1397A711E4923B200906AB2 /* WeightedGraphTests.swift */ = {isa = PBXFileReference; lastKnownFileType = sourcecode.swift; path = WeightedGraphTests.swift; sourceTree = "<group>"; };
		C1397A731E4923B200906AB2 /* Info.plist */ = {isa = PBXFileReference; lastKnownFileType = text.plist.xml; path = Info.plist; sourceTree = "<group>"; };
		C1397A781E4923B200906AB2 /* traveling-salesman-problemUITests.xctest */ = {isa = PBXFileReference; explicitFileType = wrapper.cfbundle; includeInIndex = 0; path = "traveling-salesman-problemUITests.xctest"; sourceTree = BUILT_PRODUCTS_DIR; };
		C1397A7C1E4923B200906AB2 /* traveling_salesman_problemUITests.swift */ = {isa = PBXFileReference; lastKnownFileType = sourcecode.swift; path = traveling_salesman_problemUITests.swift; sourceTree = "<group>"; };
		C1397A7E1E4923B200906AB2 /* Info.plist */ = {isa = PBXFileReference; lastKnownFileType = text.plist.xml; path = Info.plist; sourceTree = "<group>"; };
		C1397A8B1E4A0CA600906AB2 /* Waypoint.swift */ = {isa = PBXFileReference; fileEncoding = 4; lastKnownFileType = sourcecode.swift; name = Waypoint.swift; path = model/Waypoint.swift; sourceTree = SOURCE_ROOT; };
		C15ED6F41E5265D30016F07E /* RouteSummaryController.swift */ = {isa = PBXFileReference; fileEncoding = 4; lastKnownFileType = sourcecode.swift; path = RouteSummaryController.swift; sourceTree = "<group>"; };
		C15ED6FA1E52680D0016F07E /* RouteSummary.swift */ = {isa = PBXFileReference; fileEncoding = 4; lastKnownFileType = sourcecode.swift; path = RouteSummary.swift; sourceTree = "<group>"; };
		C15ED6FC1E5272950016F07E /* RouteStep.swift */ = {isa = PBXFileReference; fileEncoding = 4; lastKnownFileType = sourcecode.swift; name = RouteStep.swift; path = model/RouteStep.swift; sourceTree = SOURCE_ROOT; };
		C15ED6FE1E529D310016F07E /* RouteStepCellView.swift */ = {isa = PBXFileReference; fileEncoding = 4; lastKnownFileType = sourcecode.swift; path = RouteStepCellView.swift; sourceTree = "<group>"; };
		C18ADB631E4D0C1F00963090 /* WeightedGraph+shortestPath.swift */ = {isa = PBXFileReference; fileEncoding = 4; lastKnownFileType = sourcecode.swift; name = "WeightedGraph+shortestPath.swift"; path = "Graph/WeightedGraph+shortestPath.swift"; sourceTree = SOURCE_ROOT; };
		C18ADB651E4D0D3100963090 /* WeightedEdge.swift */ = {isa = PBXFileReference; fileEncoding = 4; lastKnownFileType = sourcecode.swift; name = WeightedEdge.swift; path = Graph/WeightedEdge.swift; sourceTree = SOURCE_ROOT; };
		C18ADB671E4D0D5B00963090 /* Vertex.swift */ = {isa = PBXFileReference; fileEncoding = 4; lastKnownFileType = sourcecode.swift; name = Vertex.swift; path = Graph/Vertex.swift; sourceTree = SOURCE_ROOT; };
		C18ADB6B1E4D1DB000963090 /* WindowController.swift */ = {isa = PBXFileReference; fileEncoding = 4; lastKnownFileType = sourcecode.swift; path = WindowController.swift; sourceTree = "<group>"; };
		C1B7D14B1E51E4C600DBA522 /* MKMapView+extension.swift */ = {isa = PBXFileReference; fileEncoding = 4; lastKnownFileType = sourcecode.swift; name = "MKMapView+extension.swift"; path = "Extensions/MKMapView+extension.swift"; sourceTree = SOURCE_ROOT; };
		C1BE4CC91E5702A80070D1B5 /* WeightedGraph+nearestNeighborPath.swift */ = {isa = PBXFileReference; fileEncoding = 4; lastKnownFileType = sourcecode.swift; path = "WeightedGraph+nearestNeighborPath.swift"; sourceTree = "<group>"; };
		C1BE4CCB1E5718000070D1B5 /* PathAlgorithm.swift */ = {isa = PBXFileReference; fileEncoding = 4; lastKnownFileType = sourcecode.swift; path = PathAlgorithm.swift; sourceTree = "<group>"; };
		C1BE4CCD1E5719660070D1B5 /* RouteCalculationOption.swift */ = {isa = PBXFileReference; fileEncoding = 4; lastKnownFileType = sourcecode.swift; path = RouteCalculationOption.swift; sourceTree = "<group>"; };
		C1CCE08C1E57348C002F635E /* WaypointCellView.swift */ = {isa = PBXFileReference; fileEncoding = 4; lastKnownFileType = sourcecode.swift; path = WaypointCellView.swift; sourceTree = "<group>"; };
		C1CCE08E1E57388F002F635E /* Optional+extension.swift */ = {isa = PBXFileReference; fileEncoding = 4; lastKnownFileType = sourcecode.swift; path = "Optional+extension.swift"; sourceTree = "<group>"; };
		C1F854761E5B95070069E9A6 /* WaypointManagerState.swift */ = {isa = PBXFileReference; fileEncoding = 4; lastKnownFileType = sourcecode.swift; path = WaypointManagerState.swift; sourceTree = "<group>"; };
		C1F854781E5B95310069E9A6 /* RouteCalculationState.swift */ = {isa = PBXFileReference; fileEncoding = 4; lastKnownFileType = sourcecode.swift; path = RouteCalculationState.swift; sourceTree = "<group>"; };
/* End PBXFileReference section */

/* Begin PBXFrameworksBuildPhase section */
		C1397A591E4923B200906AB2 /* Frameworks */ = {
			isa = PBXFrameworksBuildPhase;
			buildActionMask = 2147483647;
			files = (
			);
			runOnlyForDeploymentPostprocessing = 0;
		};
		C1397A6A1E4923B200906AB2 /* Frameworks */ = {
			isa = PBXFrameworksBuildPhase;
			buildActionMask = 2147483647;
			files = (
			);
			runOnlyForDeploymentPostprocessing = 0;
		};
		C1397A751E4923B200906AB2 /* Frameworks */ = {
			isa = PBXFrameworksBuildPhase;
			buildActionMask = 2147483647;
			files = (
			);
			runOnlyForDeploymentPostprocessing = 0;
		};
/* End PBXFrameworksBuildPhase section */

/* Begin PBXGroup section */
		C11867C11E4B6CE400E6BB43 /* Extensions */ = {
			isa = PBXGroup;
			children = (
				C11867C21E4B6D1E00E6BB43 /* CLLocationCoordinate2D+extension.swift */,
				C11867C41E4BC08A00E6BB43 /* Collection+extension.swift */,
				C11867CC1E4BF7D500E6BB43 /* MKError+extension.swift */,
				C1B7D14B1E51E4C600DBA522 /* MKMapView+extension.swift */,
				C1CCE08E1E57388F002F635E /* Optional+extension.swift */,
			);
			name = Extensions;
			sourceTree = "<group>";
		};
		C1397A531E4923B200906AB2 = {
			isa = PBXGroup;
			children = (
				C1397A5E1E4923B200906AB2 /* traveling-salesman-problem */,
				C1397A701E4923B200906AB2 /* traveling-salesman-problemTests */,
				C1397A7B1E4923B200906AB2 /* traveling-salesman-problemUITests */,
				C1397A5D1E4923B200906AB2 /* Products */,
			);
			sourceTree = "<group>";
		};
		C1397A5D1E4923B200906AB2 /* Products */ = {
			isa = PBXGroup;
			children = (
				C1397A5C1E4923B200906AB2 /* traveling-salesman-problem.app */,
				C1397A6D1E4923B200906AB2 /* traveling-salesman-problemTests.xctest */,
				C1397A781E4923B200906AB2 /* traveling-salesman-problemUITests.xctest */,
			);
			name = Products;
			sourceTree = "<group>";
		};
		C1397A5E1E4923B200906AB2 /* traveling-salesman-problem */ = {
			isa = PBXGroup;
			children = (
				C11867C11E4B6CE400E6BB43 /* Extensions */,
				C1F8547A1E5B96120069E9A6 /* Helper */,
				C1F854751E5B94F70069E9A6 /* WaypointManager */,
				C18ADB621E4D0BE000963090 /* Graph */,
				C1397A8A1E4A094E00906AB2 /* Model */,
				C1397A5F1E4923B200906AB2 /* AppDelegate.swift */,
				C1397A611E4923B200906AB2 /* RouteController.swift */,
				C15ED6F41E5265D30016F07E /* RouteSummaryController.swift */,
				C18ADB6B1E4D1DB000963090 /* WindowController.swift */,
				C1397A631E4923B200906AB2 /* Assets.xcassets */,
				C1397A651E4923B200906AB2 /* Main.storyboard */,
				C1397A681E4923B200906AB2 /* Info.plist */,
				C1CCE08C1E57348C002F635E /* WaypointCellView.swift */,
				C15ED6FE1E529D310016F07E /* RouteStepCellView.swift */,
			);
			path = "traveling-salesman-problem";
			sourceTree = "<group>";
		};
		C1397A701E4923B200906AB2 /* traveling-salesman-problemTests */ = {
			isa = PBXGroup;
			children = (
				C1397A711E4923B200906AB2 /* WeightedGraphTests.swift */,
				C1397A731E4923B200906AB2 /* Info.plist */,
			);
			path = "traveling-salesman-problemTests";
			sourceTree = "<group>";
		};
		C1397A7B1E4923B200906AB2 /* traveling-salesman-problemUITests */ = {
			isa = PBXGroup;
			children = (
				C1397A7C1E4923B200906AB2 /* traveling_salesman_problemUITests.swift */,
				C1397A7E1E4923B200906AB2 /* Info.plist */,
			);
			path = "traveling-salesman-problemUITests";
			sourceTree = "<group>";
		};
		C1397A8A1E4A094E00906AB2 /* Model */ = {
			isa = PBXGroup;
			children = (
				C1397A8B1E4A0CA600906AB2 /* Waypoint.swift */,
				C11867C61E4BD04600E6BB43 /* Route.swift */,
				C15ED6FA1E52680D0016F07E /* RouteSummary.swift */,
				C15ED6FC1E5272950016F07E /* RouteStep.swift */,
			);
			name = Model;
			sourceTree = "<group>";
		};
		C18ADB621E4D0BE000963090 /* Graph */ = {
			isa = PBXGroup;
			children = (
				C11867CE1E4C012600E6BB43 /* WeightedGraph.swift */,
				C18ADB671E4D0D5B00963090 /* Vertex.swift */,
				C18ADB651E4D0D3100963090 /* WeightedEdge.swift */,
				C1BE4CCB1E5718000070D1B5 /* PathAlgorithm.swift */,
				C18ADB631E4D0C1F00963090 /* WeightedGraph+shortestPath.swift */,
				C1BE4CC91E5702A80070D1B5 /* WeightedGraph+nearestNeighborPath.swift */,
			);
			name = Graph;
			sourceTree = "<group>";
		};
		C1F854751E5B94F70069E9A6 /* WaypointManager */ = {
			isa = PBXGroup;
			children = (
				C11867C81E4BD18E00E6BB43 /* WaypointManager.swift */,
				C1F854761E5B95070069E9A6 /* WaypointManagerState.swift */,
				C1F854781E5B95310069E9A6 /* RouteCalculationState.swift */,
				C1BE4CCD1E5719660070D1B5 /* RouteCalculationOption.swift */,
			);
			name = WaypointManager;
			sourceTree = "<group>";
		};
		C1F8547A1E5B96120069E9A6 /* Helper */ = {
			isa = PBXGroup;
			children = (
				C11867CA1E4BE24C00E6BB43 /* WorkQueue.swift */,
			);
			name = Helper;
			sourceTree = "<group>";
		};
/* End PBXGroup section */

/* Begin PBXNativeTarget section */
		C1397A5B1E4923B200906AB2 /* traveling-salesman-problem */ = {
			isa = PBXNativeTarget;
			buildConfigurationList = C1397A811E4923B200906AB2 /* Build configuration list for PBXNativeTarget "traveling-salesman-problem" */;
			buildPhases = (
				C1397A581E4923B200906AB2 /* Sources */,
				C1397A591E4923B200906AB2 /* Frameworks */,
				C1397A5A1E4923B200906AB2 /* Resources */,
			);
			buildRules = (
			);
			dependencies = (
			);
			name = "traveling-salesman-problem";
			productName = "traveling-salesman-problem";
			productReference = C1397A5C1E4923B200906AB2 /* traveling-salesman-problem.app */;
			productType = "com.apple.product-type.application";
		};
		C1397A6C1E4923B200906AB2 /* traveling-salesman-problemTests */ = {
			isa = PBXNativeTarget;
			buildConfigurationList = C1397A841E4923B200906AB2 /* Build configuration list for PBXNativeTarget "traveling-salesman-problemTests" */;
			buildPhases = (
				C1397A691E4923B200906AB2 /* Sources */,
				C1397A6A1E4923B200906AB2 /* Frameworks */,
				C1397A6B1E4923B200906AB2 /* Resources */,
			);
			buildRules = (
			);
			dependencies = (
				C1397A6F1E4923B200906AB2 /* PBXTargetDependency */,
			);
			name = "traveling-salesman-problemTests";
			productName = "traveling-salesman-problemTests";
			productReference = C1397A6D1E4923B200906AB2 /* traveling-salesman-problemTests.xctest */;
			productType = "com.apple.product-type.bundle.unit-test";
		};
		C1397A771E4923B200906AB2 /* traveling-salesman-problemUITests */ = {
			isa = PBXNativeTarget;
			buildConfigurationList = C1397A871E4923B200906AB2 /* Build configuration list for PBXNativeTarget "traveling-salesman-problemUITests" */;
			buildPhases = (
				C1397A741E4923B200906AB2 /* Sources */,
				C1397A751E4923B200906AB2 /* Frameworks */,
				C1397A761E4923B200906AB2 /* Resources */,
			);
			buildRules = (
			);
			dependencies = (
				C1397A7A1E4923B200906AB2 /* PBXTargetDependency */,
			);
			name = "traveling-salesman-problemUITests";
			productName = "traveling-salesman-problemUITests";
			productReference = C1397A781E4923B200906AB2 /* traveling-salesman-problemUITests.xctest */;
			productType = "com.apple.product-type.bundle.ui-testing";
		};
/* End PBXNativeTarget section */

/* Begin PBXProject section */
		C1397A541E4923B200906AB2 /* Project object */ = {
			isa = PBXProject;
			attributes = {
				LastSwiftUpdateCheck = 0820;
				LastUpgradeCheck = 0820;
				ORGANIZATIONNAME = "David Nadoba";
				TargetAttributes = {
					C1397A5B1E4923B200906AB2 = {
						CreatedOnToolsVersion = 8.2.1;
						DevelopmentTeam = XKQRPFVM7Z;
						ProvisioningStyle = Automatic;
					};
					C1397A6C1E4923B200906AB2 = {
						CreatedOnToolsVersion = 8.2.1;
						ProvisioningStyle = Automatic;
						TestTargetID = C1397A5B1E4923B200906AB2;
					};
					C1397A771E4923B200906AB2 = {
						CreatedOnToolsVersion = 8.2.1;
						ProvisioningStyle = Automatic;
						TestTargetID = C1397A5B1E4923B200906AB2;
					};
				};
			};
			buildConfigurationList = C1397A571E4923B200906AB2 /* Build configuration list for PBXProject "traveling-salesman-problem" */;
			compatibilityVersion = "Xcode 3.2";
			developmentRegion = English;
			hasScannedForEncodings = 0;
			knownRegions = (
				en,
				Base,
			);
			mainGroup = C1397A531E4923B200906AB2;
			productRefGroup = C1397A5D1E4923B200906AB2 /* Products */;
			projectDirPath = "";
			projectRoot = "";
			targets = (
				C1397A5B1E4923B200906AB2 /* traveling-salesman-problem */,
				C1397A6C1E4923B200906AB2 /* traveling-salesman-problemTests */,
				C1397A771E4923B200906AB2 /* traveling-salesman-problemUITests */,
			);
		};
/* End PBXProject section */

/* Begin PBXResourcesBuildPhase section */
		C1397A5A1E4923B200906AB2 /* Resources */ = {
			isa = PBXResourcesBuildPhase;
			buildActionMask = 2147483647;
			files = (
				C1397A641E4923B200906AB2 /* Assets.xcassets in Resources */,
				C1397A671E4923B200906AB2 /* Main.storyboard in Resources */,
			);
			runOnlyForDeploymentPostprocessing = 0;
		};
		C1397A6B1E4923B200906AB2 /* Resources */ = {
			isa = PBXResourcesBuildPhase;
			buildActionMask = 2147483647;
			files = (
			);
			runOnlyForDeploymentPostprocessing = 0;
		};
		C1397A761E4923B200906AB2 /* Resources */ = {
			isa = PBXResourcesBuildPhase;
			buildActionMask = 2147483647;
			files = (
			);
			runOnlyForDeploymentPostprocessing = 0;
		};
/* End PBXResourcesBuildPhase section */

/* Begin PBXSourcesBuildPhase section */
		C1397A581E4923B200906AB2 /* Sources */ = {
			isa = PBXSourcesBuildPhase;
			buildActionMask = 2147483647;
			files = (
				C18ADB661E4D0D3100963090 /* WeightedEdge.swift in Sources */,
				C1CCE08F1E57388F002F635E /* Optional+extension.swift in Sources */,
				C11867CD1E4BF7D500E6BB43 /* MKError+extension.swift in Sources */,
				C1F854791E5B95310069E9A6 /* RouteCalculationState.swift in Sources */,
				C15ED6FF1E529D310016F07E /* RouteStepCellView.swift in Sources */,
				C1BE4CCC1E5718000070D1B5 /* PathAlgorithm.swift in Sources */,
				C1CCE08B1E57216D002F635E /* RouteController.swift in Sources */,
				C18ADB6C1E4D1DB000963090 /* WindowController.swift in Sources */,
				C1397A601E4923B200906AB2 /* AppDelegate.swift in Sources */,
				C11867CB1E4BE24C00E6BB43 /* WorkQueue.swift in Sources */,
				C11867C91E4BD18E00E6BB43 /* WaypointManager.swift in Sources */,
				C11867CF1E4C012600E6BB43 /* WeightedGraph.swift in Sources */,
				C15ED6F51E5265D30016F07E /* RouteSummaryController.swift in Sources */,
				C18ADB681E4D0D5B00963090 /* Vertex.swift in Sources */,
				C15ED6FB1E52680D0016F07E /* RouteSummary.swift in Sources */,
				C15ED6FD1E5272950016F07E /* RouteStep.swift in Sources */,
				C1F854771E5B95070069E9A6 /* WaypointManagerState.swift in Sources */,
				C1CCE08D1E57348C002F635E /* WaypointCellView.swift in Sources */,
				C1397A8C1E4A0CA600906AB2 /* Waypoint.swift in Sources */,
				C1B7D14C1E51E4C600DBA522 /* MKMapView+extension.swift in Sources */,
				C11867C71E4BD04600E6BB43 /* Route.swift in Sources */,
				C11867C51E4BC08A00E6BB43 /* Collection+extension.swift in Sources */,
				C1BE4CCE1E5719660070D1B5 /* RouteCalculationOption.swift in Sources */,
				C1BE4CCA1E5702A80070D1B5 /* WeightedGraph+nearestNeighborPath.swift in Sources */,
				C11867C31E4B6D1E00E6BB43 /* CLLocationCoordinate2D+extension.swift in Sources */,
				C18ADB641E4D0C1F00963090 /* WeightedGraph+shortestPath.swift in Sources */,
			);
			runOnlyForDeploymentPostprocessing = 0;
		};
		C1397A691E4923B200906AB2 /* Sources */ = {
			isa = PBXSourcesBuildPhase;
			buildActionMask = 2147483647;
			files = (
				C1397A721E4923B200906AB2 /* WeightedGraphTests.swift in Sources */,
			);
			runOnlyForDeploymentPostprocessing = 0;
		};
		C1397A741E4923B200906AB2 /* Sources */ = {
			isa = PBXSourcesBuildPhase;
			buildActionMask = 2147483647;
			files = (
				C1397A7D1E4923B200906AB2 /* traveling_salesman_problemUITests.swift in Sources */,
			);
			runOnlyForDeploymentPostprocessing = 0;
		};
/* End PBXSourcesBuildPhase section */

/* Begin PBXTargetDependency section */
		C1397A6F1E4923B200906AB2 /* PBXTargetDependency */ = {
			isa = PBXTargetDependency;
			target = C1397A5B1E4923B200906AB2 /* traveling-salesman-problem */;
			targetProxy = C1397A6E1E4923B200906AB2 /* PBXContainerItemProxy */;
		};
		C1397A7A1E4923B200906AB2 /* PBXTargetDependency */ = {
			isa = PBXTargetDependency;
			target = C1397A5B1E4923B200906AB2 /* traveling-salesman-problem */;
			targetProxy = C1397A791E4923B200906AB2 /* PBXContainerItemProxy */;
		};
/* End PBXTargetDependency section */

/* Begin PBXVariantGroup section */
		C1397A651E4923B200906AB2 /* Main.storyboard */ = {
			isa = PBXVariantGroup;
			children = (
				C1397A661E4923B200906AB2 /* Base */,
			);
			name = Main.storyboard;
			sourceTree = "<group>";
		};
/* End PBXVariantGroup section */

/* Begin XCBuildConfiguration section */
		C1397A7F1E4923B200906AB2 /* Debug */ = {
			isa = XCBuildConfiguration;
			buildSettings = {
				ALWAYS_SEARCH_USER_PATHS = NO;
				CLANG_ANALYZER_NONNULL = YES;
				CLANG_CXX_LANGUAGE_STANDARD = "gnu++0x";
				CLANG_CXX_LIBRARY = "libc++";
				CLANG_ENABLE_MODULES = YES;
				CLANG_ENABLE_OBJC_ARC = YES;
				CLANG_WARN_BOOL_CONVERSION = YES;
				CLANG_WARN_CONSTANT_CONVERSION = YES;
				CLANG_WARN_DIRECT_OBJC_ISA_USAGE = YES_ERROR;
				CLANG_WARN_DOCUMENTATION_COMMENTS = YES;
				CLANG_WARN_EMPTY_BODY = YES;
				CLANG_WARN_ENUM_CONVERSION = YES;
				CLANG_WARN_INFINITE_RECURSION = YES;
				CLANG_WARN_INT_CONVERSION = YES;
				CLANG_WARN_OBJC_ROOT_CLASS = YES_ERROR;
				CLANG_WARN_SUSPICIOUS_MOVE = YES;
				CLANG_WARN_UNREACHABLE_CODE = YES;
				CLANG_WARN__DUPLICATE_METHOD_MATCH = YES;
				CODE_SIGN_IDENTITY = "-";
				COPY_PHASE_STRIP = NO;
				DEBUG_INFORMATION_FORMAT = dwarf;
				ENABLE_STRICT_OBJC_MSGSEND = YES;
				ENABLE_TESTABILITY = YES;
				GCC_C_LANGUAGE_STANDARD = gnu99;
				GCC_DYNAMIC_NO_PIC = NO;
				GCC_NO_COMMON_BLOCKS = YES;
				GCC_OPTIMIZATION_LEVEL = 0;
				GCC_PREPROCESSOR_DEFINITIONS = (
					"DEBUG=1",
					"$(inherited)",
				);
				GCC_WARN_64_TO_32_BIT_CONVERSION = YES;
				GCC_WARN_ABOUT_RETURN_TYPE = YES_ERROR;
				GCC_WARN_UNDECLARED_SELECTOR = YES;
				GCC_WARN_UNINITIALIZED_AUTOS = YES_AGGRESSIVE;
				GCC_WARN_UNUSED_FUNCTION = YES;
				GCC_WARN_UNUSED_VARIABLE = YES;
				MACOSX_DEPLOYMENT_TARGET = 10.12;
				MTL_ENABLE_DEBUG_INFO = YES;
				ONLY_ACTIVE_ARCH = YES;
				SDKROOT = macosx;
				SWIFT_ACTIVE_COMPILATION_CONDITIONS = DEBUG;
				SWIFT_OPTIMIZATION_LEVEL = "-Onone";
			};
			name = Debug;
		};
		C1397A801E4923B200906AB2 /* Release */ = {
			isa = XCBuildConfiguration;
			buildSettings = {
				ALWAYS_SEARCH_USER_PATHS = NO;
				CLANG_ANALYZER_NONNULL = YES;
				CLANG_CXX_LANGUAGE_STANDARD = "gnu++0x";
				CLANG_CXX_LIBRARY = "libc++";
				CLANG_ENABLE_MODULES = YES;
				CLANG_ENABLE_OBJC_ARC = YES;
				CLANG_WARN_BOOL_CONVERSION = YES;
				CLANG_WARN_CONSTANT_CONVERSION = YES;
				CLANG_WARN_DIRECT_OBJC_ISA_USAGE = YES_ERROR;
				CLANG_WARN_DOCUMENTATION_COMMENTS = YES;
				CLANG_WARN_EMPTY_BODY = YES;
				CLANG_WARN_ENUM_CONVERSION = YES;
				CLANG_WARN_INFINITE_RECURSION = YES;
				CLANG_WARN_INT_CONVERSION = YES;
				CLANG_WARN_OBJC_ROOT_CLASS = YES_ERROR;
				CLANG_WARN_SUSPICIOUS_MOVE = YES;
				CLANG_WARN_UNREACHABLE_CODE = YES;
				CLANG_WARN__DUPLICATE_METHOD_MATCH = YES;
				CODE_SIGN_IDENTITY = "-";
				COPY_PHASE_STRIP = NO;
				DEBUG_INFORMATION_FORMAT = "dwarf-with-dsym";
				ENABLE_NS_ASSERTIONS = NO;
				ENABLE_STRICT_OBJC_MSGSEND = YES;
				GCC_C_LANGUAGE_STANDARD = gnu99;
				GCC_NO_COMMON_BLOCKS = YES;
				GCC_WARN_64_TO_32_BIT_CONVERSION = YES;
				GCC_WARN_ABOUT_RETURN_TYPE = YES_ERROR;
				GCC_WARN_UNDECLARED_SELECTOR = YES;
				GCC_WARN_UNINITIALIZED_AUTOS = YES_AGGRESSIVE;
				GCC_WARN_UNUSED_FUNCTION = YES;
				GCC_WARN_UNUSED_VARIABLE = YES;
				MACOSX_DEPLOYMENT_TARGET = 10.12;
				MTL_ENABLE_DEBUG_INFO = NO;
				SDKROOT = macosx;
				SWIFT_OPTIMIZATION_LEVEL = "-Owholemodule";
			};
			name = Release;
		};
		C1397A821E4923B200906AB2 /* Debug */ = {
			isa = XCBuildConfiguration;
			buildSettings = {
				ASSETCATALOG_COMPILER_APPICON_NAME = AppIcon;
				CODE_SIGN_IDENTITY = "Mac Developer";
				COMBINE_HIDPI_IMAGES = YES;
				DEVELOPMENT_TEAM = XKQRPFVM7Z;
				INFOPLIST_FILE = "traveling-salesman-problem/Info.plist";
				LD_RUNPATH_SEARCH_PATHS = "$(inherited) @executable_path/../Frameworks";
				PRODUCT_BUNDLE_IDENTIFIER = "de.nadoba.traveling-salesman-problem";
				PRODUCT_NAME = "$(TARGET_NAME)";
				SWIFT_VERSION = 3.0;
			};
			name = Debug;
		};
		C1397A831E4923B200906AB2 /* Release */ = {
			isa = XCBuildConfiguration;
			buildSettings = {
				ASSETCATALOG_COMPILER_APPICON_NAME = AppIcon;
				CODE_SIGN_IDENTITY = "Mac Developer";
				COMBINE_HIDPI_IMAGES = YES;
				DEVELOPMENT_TEAM = XKQRPFVM7Z;
				INFOPLIST_FILE = "traveling-salesman-problem/Info.plist";
				LD_RUNPATH_SEARCH_PATHS = "$(inherited) @executable_path/../Frameworks";
				PRODUCT_BUNDLE_IDENTIFIER = "de.nadoba.traveling-salesman-problem";
				PRODUCT_NAME = "$(TARGET_NAME)";
				SWIFT_VERSION = 3.0;
			};
			name = Release;
		};
		C1397A851E4923B200906AB2 /* Debug */ = {
			isa = XCBuildConfiguration;
			buildSettings = {
				ALWAYS_EMBED_SWIFT_STANDARD_LIBRARIES = YES;
				BUNDLE_LOADER = "$(TEST_HOST)";
				COMBINE_HIDPI_IMAGES = YES;
				INFOPLIST_FILE = "traveling-salesman-problemTests/Info.plist";
				LD_RUNPATH_SEARCH_PATHS = "$(inherited) @executable_path/../Frameworks @loader_path/../Frameworks";
				PRODUCT_BUNDLE_IDENTIFIER = "de.nadoba.traveling-salesman-problemTests";
				PRODUCT_NAME = "$(TARGET_NAME)";
				SWIFT_VERSION = 3.0;
				TEST_HOST = "$(BUILT_PRODUCTS_DIR)/traveling-salesman-problem.app/Contents/MacOS/traveling-salesman-problem";
			};
			name = Debug;
		};
		C1397A861E4923B200906AB2 /* Release */ = {
			isa = XCBuildConfiguration;
			buildSettings = {
				ALWAYS_EMBED_SWIFT_STANDARD_LIBRARIES = YES;
				BUNDLE_LOADER = "$(TEST_HOST)";
				COMBINE_HIDPI_IMAGES = YES;
				INFOPLIST_FILE = "traveling-salesman-problemTests/Info.plist";
				LD_RUNPATH_SEARCH_PATHS = "$(inherited) @executable_path/../Frameworks @loader_path/../Frameworks";
				PRODUCT_BUNDLE_IDENTIFIER = "de.nadoba.traveling-salesman-problemTests";
				PRODUCT_NAME = "$(TARGET_NAME)";
				SWIFT_VERSION = 3.0;
				TEST_HOST = "$(BUILT_PRODUCTS_DIR)/traveling-salesman-problem.app/Contents/MacOS/traveling-salesman-problem";
			};
			name = Release;
		};
		C1397A881E4923B200906AB2 /* Debug */ = {
			isa = XCBuildConfiguration;
			buildSettings = {
				ALWAYS_EMBED_SWIFT_STANDARD_LIBRARIES = YES;
				COMBINE_HIDPI_IMAGES = YES;
				INFOPLIST_FILE = "traveling-salesman-problemUITests/Info.plist";
				LD_RUNPATH_SEARCH_PATHS = "$(inherited) @executable_path/../Frameworks @loader_path/../Frameworks";
				PRODUCT_BUNDLE_IDENTIFIER = "de.nadoba.traveling-salesman-problemUITests";
				PRODUCT_NAME = "$(TARGET_NAME)";
				SWIFT_VERSION = 3.0;
				TEST_TARGET_NAME = "traveling-salesman-problem";
			};
			name = Debug;
		};
		C1397A891E4923B200906AB2 /* Release */ = {
			isa = XCBuildConfiguration;
			buildSettings = {
				ALWAYS_EMBED_SWIFT_STANDARD_LIBRARIES = YES;
				COMBINE_HIDPI_IMAGES = YES;
				INFOPLIST_FILE = "traveling-salesman-problemUITests/Info.plist";
				LD_RUNPATH_SEARCH_PATHS = "$(inherited) @executable_path/../Frameworks @loader_path/../Frameworks";
				PRODUCT_BUNDLE_IDENTIFIER = "de.nadoba.traveling-salesman-problemUITests";
				PRODUCT_NAME = "$(TARGET_NAME)";
				SWIFT_VERSION = 3.0;
				TEST_TARGET_NAME = "traveling-salesman-problem";
			};
			name = Release;
		};
/* End XCBuildConfiguration section */

/* Begin XCConfigurationList section */
		C1397A571E4923B200906AB2 /* Build configuration list for PBXProject "traveling-salesman-problem" */ = {
			isa = XCConfigurationList;
			buildConfigurations = (
				C1397A7F1E4923B200906AB2 /* Debug */,
				C1397A801E4923B200906AB2 /* Release */,
			);
			defaultConfigurationIsVisible = 0;
			defaultConfigurationName = Release;
		};
		C1397A811E4923B200906AB2 /* Build configuration list for PBXNativeTarget "traveling-salesman-problem" */ = {
			isa = XCConfigurationList;
			buildConfigurations = (
				C1397A821E4923B200906AB2 /* Debug */,
				C1397A831E4923B200906AB2 /* Release */,
			);
			defaultConfigurationIsVisible = 0;
			defaultConfigurationName = Release;
		};
		C1397A841E4923B200906AB2 /* Build configuration list for PBXNativeTarget "traveling-salesman-problemTests" */ = {
			isa = XCConfigurationList;
			buildConfigurations = (
				C1397A851E4923B200906AB2 /* Debug */,
				C1397A861E4923B200906AB2 /* Release */,
			);
			defaultConfigurationIsVisible = 0;
			defaultConfigurationName = Release;
		};
		C1397A871E4923B200906AB2 /* Build configuration list for PBXNativeTarget "traveling-salesman-problemUITests" */ = {
			isa = XCConfigurationList;
			buildConfigurations = (
				C1397A881E4923B200906AB2 /* Debug */,
				C1397A891E4923B200906AB2 /* Release */,
			);
			defaultConfigurationIsVisible = 0;
			defaultConfigurationName = Release;
		};
/* End XCConfigurationList section */
	};
	rootObject = C1397A541E4923B200906AB2 /* Project object */;
}
